
Microsoft Visual Studio Solution File, Format Version 12.00
# Visual Studio Version 16
VisualStudioVersion = 16.0.30011.22
MinimumVisualStudioVersion = 10.0.40219.1
Project("{FAE04EC0-301F-11D3-BF4B-00C04F79EFBC}") = "Juliay.Client", "Juliay.Client\Juliay.Client.csproj", "{2694097D-1BF4-4D12-B3CB-A6C47EACC8C6}"
EndProject
Global
	GlobalSection(SolutionConfigurationPlatforms) = preSolution
		Debug|Any CPU = Debug|Any CPU
		Release|Any CPU = Release|Any CPU
	EndGlobalSection
	GlobalSection(ProjectConfigurationPlatforms) = postSolution
		{2694097D-1BF4-4D12-B3CB-A6C47EACC8C6}.Debug|Any CPU.ActiveCfg = Debug|Any CPU
		{2694097D-1BF4-4D12-B3CB-A6C47EACC8C6}.Debug|Any CPU.Build.0 = Debug|Any CPU
		{2694097D-1BF4-4D12-B3CB-A6C47EACC8C6}.Release|Any CPU.ActiveCfg = Release|Any CPU
		{2694097D-1BF4-4D12-B3CB-A6C47EACC8C6}.Release|Any CPU.Build.0 = Release|Any CPU
	EndGlobalSection
	GlobalSection(SolutionProperties) = preSolution
		HideSolutionNode = FALSE
	EndGlobalSection
	GlobalSection(ExtensibilityGlobals) = postSolution
		SolutionGuid = {56E2658F-B2BC-4216-8178-955F042FF878}
	EndGlobalSection
EndGlobal
